
Microsoft Visual Studio Solution File, Format Version 12.00
# Visual Studio Version 17
VisualStudioVersion = 17.8.34316.72
MinimumVisualStudioVersion = 10.0.40219.1
Project("{9A19103F-16F7-4668-BE54-9A1E7A4F7556}") = "EasySaveClient", "EasySaveClient.csproj", "{E9AF1E6D-A510-4478-A89D-2853FED9743B}"
EndProject
Global
	GlobalSection(SolutionConfigurationPlatforms) = preSolution
		Debug|Any CPU = Debug|Any CPU
		Release|Any CPU = Release|Any CPU
	EndGlobalSection
	GlobalSection(ProjectConfigurationPlatforms) = postSolution
		{E9AF1E6D-A510-4478-A89D-2853FED9743B}.Debug|Any CPU.ActiveCfg = Debug|Any CPU
		{E9AF1E6D-A510-4478-A89D-2853FED9743B}.Debug|Any CPU.Build.0 = Debug|Any CPU
		{E9AF1E6D-A510-4478-A89D-2853FED9743B}.Release|Any CPU.ActiveCfg = Release|Any CPU
		{E9AF1E6D-A510-4478-A89D-2853FED9743B}.Release|Any CPU.Build.0 = Release|Any CPU
	EndGlobalSection
	GlobalSection(SolutionProperties) = preSolution
		HideSolutionNode = FALSE
	EndGlobalSection
	GlobalSection(ExtensibilityGlobals) = postSolution
		SolutionGuid = {7EE7099F-D7BE-4C58-8ED8-306FC290F0C9}
	EndGlobalSection
EndGlobal
